
Microsoft Visual Studio Solution File, Format Version 12.00
# Visual Studio Version 16
VisualStudioVersion = 16.0.30128.74
MinimumVisualStudioVersion = 10.0.40219.1
Project("{FAE04EC0-301F-11D3-BF4B-00C04F79EFBC}") = "Gifter", "Gifter\Gifter.csproj", "{A94938FB-71B5-4946-BA62-439B52DB0AEC}"
EndProject
Global
	GlobalSection(SolutionConfigurationPlatforms) = preSolution
		Debug|Any CPU = Debug|Any CPU
		Release|Any CPU = Release|Any CPU
	EndGlobalSection
	GlobalSection(ProjectConfigurationPlatforms) = postSolution
		{A94938FB-71B5-4946-BA62-439B52DB0AEC}.Debug|Any CPU.ActiveCfg = Debug|Any CPU
		{A94938FB-71B5-4946-BA62-439B52DB0AEC}.Debug|Any CPU.Build.0 = Debug|Any CPU
		{A94938FB-71B5-4946-BA62-439B52DB0AEC}.Release|Any CPU.ActiveCfg = Release|Any CPU
		{A94938FB-71B5-4946-BA62-439B52DB0AEC}.Release|Any CPU.Build.0 = Release|Any CPU
	EndGlobalSection
	GlobalSection(SolutionProperties) = preSolution
		HideSolutionNode = FALSE
	EndGlobalSection
	GlobalSection(ExtensibilityGlobals) = postSolution
		SolutionGuid = {A8ECF3A0-346A-402E-A6A1-B2129027CE70}
	EndGlobalSection
EndGlobal
